// !$*UTF8*$!
{
	archiveVersion = 1;
	classes = {
	};
	objectVersion = 56;
	objects = {

/* Begin PBXBuildFile section */
		8E27CDDE2A39C4DA0079D55C /* TestDataLoader.swift in Sources */ = {isa = PBXBuildFile; fileRef = 8E27CDDD2A39C4DA0079D55C /* TestDataLoader.swift */; };
		8E27CDE02A39D2CB0079D55C /* UIColorSerializer.swift in Sources */ = {isa = PBXBuildFile; fileRef = 8E27CDDF2A39D2CB0079D55C /* UIColorSerializer.swift */; };
		8E27CDE22A39D38D0079D55C /* ScheduleSerializer.swift in Sources */ = {isa = PBXBuildFile; fileRef = 8E27CDE12A39D38D0079D55C /* ScheduleSerializer.swift */; };
		8E27CDE42A404FD90079D55C /* PlaceholderView.swift in Sources */ = {isa = PBXBuildFile; fileRef = 8E27CDE32A404FD90079D55C /* PlaceholderView.swift */; };
		8E4FECF12A4ECCBE001B2FF5 /* OnboardingPageViewController.swift in Sources */ = {isa = PBXBuildFile; fileRef = 8E4FECF02A4ECCBE001B2FF5 /* OnboardingPageViewController.swift */; };
		8E4FECF32A4ED174001B2FF5 /* OnboardingPageView.swift in Sources */ = {isa = PBXBuildFile; fileRef = 8E4FECF22A4ED174001B2FF5 /* OnboardingPageView.swift */; };
		8E99737129F56EE8007E8001 /* AppDelegate.swift in Sources */ = {isa = PBXBuildFile; fileRef = 8E99737029F56EE8007E8001 /* AppDelegate.swift */; };
		8E99737529F56EE8007E8001 /* TrackersViewController.swift in Sources */ = {isa = PBXBuildFile; fileRef = 8E99737429F56EE8007E8001 /* TrackersViewController.swift */; };
		8E99737A29F56EE9007E8001 /* Assets.xcassets in Resources */ = {isa = PBXBuildFile; fileRef = 8E99737929F56EE9007E8001 /* Assets.xcassets */; };
		8E99737D29F56EE9007E8001 /* LaunchScreen.storyboard in Resources */ = {isa = PBXBuildFile; fileRef = 8E99737B29F56EE9007E8001 /* LaunchScreen.storyboard */; };
		8E9973CF29FBD16C007E8001 /* UIColorExtension.swift in Sources */ = {isa = PBXBuildFile; fileRef = 8E9973CE29FBD16C007E8001 /* UIColorExtension.swift */; };
		8E9973D129FBEBED007E8001 /* MainTabBarController.swift in Sources */ = {isa = PBXBuildFile; fileRef = 8E9973D029FBEBED007E8001 /* MainTabBarController.swift */; };
		8E9973D329FBFC26007E8001 /* StatisticsViewController.swift in Sources */ = {isa = PBXBuildFile; fileRef = 8E9973D229FBFC26007E8001 /* StatisticsViewController.swift */; };
		8E9973D529FCFAA7007E8001 /* AddTrackerViewController.swift in Sources */ = {isa = PBXBuildFile; fileRef = 8E9973D429FCFAA7007E8001 /* AddTrackerViewController.swift */; };
		8E9973D729FD2998007E8001 /* TrackerCollectionViewCell.swift in Sources */ = {isa = PBXBuildFile; fileRef = 8E9973D629FD2998007E8001 /* TrackerCollectionViewCell.swift */; };
		8E9973DB29FD6D07007E8001 /* CollectionWidthParameters.swift in Sources */ = {isa = PBXBuildFile; fileRef = 8E9973DA29FD6D07007E8001 /* CollectionWidthParameters.swift */; };
		8E9973DF29FE7EA7007E8001 /* CollectionViewHeader.swift in Sources */ = {isa = PBXBuildFile; fileRef = 8E9973DE29FE7EA7007E8001 /* CollectionViewHeader.swift */; };
		8E9973E129FEAF94007E8001 /* CreateTrackerViewController.swift in Sources */ = {isa = PBXBuildFile; fileRef = 8E9973E029FEAF94007E8001 /* CreateTrackerViewController.swift */; };
		8E9973E329FFB1E7007E8001 /* SettingTableViewCell.swift in Sources */ = {isa = PBXBuildFile; fileRef = 8E9973E229FFB1E7007E8001 /* SettingTableViewCell.swift */; };
		8E9973E529FFF337007E8001 /* CustomTextField.swift in Sources */ = {isa = PBXBuildFile; fileRef = 8E9973E429FFF337007E8001 /* CustomTextField.swift */; };
		8E9973EC2A0038F5007E8001 /* ConfigureScheduleViewController.swift in Sources */ = {isa = PBXBuildFile; fileRef = 8E9973EB2A0038F5007E8001 /* ConfigureScheduleViewController.swift */; };
		8E9973EE2A003E08007E8001 /* SwitchTableViewCell.swift in Sources */ = {isa = PBXBuildFile; fileRef = 8E9973ED2A003E08007E8001 /* SwitchTableViewCell.swift */; };
		8E9973F42A016196007E8001 /* SettingOptions.swift in Sources */ = {isa = PBXBuildFile; fileRef = 8E9973F32A016196007E8001 /* SettingOptions.swift */; };
		8E9973F62A016261007E8001 /* SwitchOptions.swift in Sources */ = {isa = PBXBuildFile; fileRef = 8E9973F52A016261007E8001 /* SwitchOptions.swift */; };
		8E9973F82A018798007E8001 /* TrackerModel.swift in Sources */ = {isa = PBXBuildFile; fileRef = 8E9973F72A018798007E8001 /* TrackerModel.swift */; };
		8E9973FA2A0187F7007E8001 /* CategoryModel.swift in Sources */ = {isa = PBXBuildFile; fileRef = 8E9973F92A0187F7007E8001 /* CategoryModel.swift */; };
		8E9973FC2A018830007E8001 /* RecordModel.swift in Sources */ = {isa = PBXBuildFile; fileRef = 8E9973FB2A018830007E8001 /* RecordModel.swift */; };
		8E9973FE2A03BEC5007E8001 /* WeekDay.swift in Sources */ = {isa = PBXBuildFile; fileRef = 8E9973FD2A03BEC5007E8001 /* WeekDay.swift */; };
		8E9974002A0C1B81007E8001 /* UIViewControllerExtension.swift in Sources */ = {isa = PBXBuildFile; fileRef = 8E9973FF2A0C1B81007E8001 /* UIViewControllerExtension.swift */; };
		8E9974022A125654007E8001 /* EmojiCollectionViewCell.swift in Sources */ = {isa = PBXBuildFile; fileRef = 8E9974012A125654007E8001 /* EmojiCollectionViewCell.swift */; };
		8E9974042A13DCF2007E8001 /* ColorCollectionViewCell.swift in Sources */ = {isa = PBXBuildFile; fileRef = 8E9974032A13DCF2007E8001 /* ColorCollectionViewCell.swift */; };
		8EAC78C42A54132A00C40D02 /* OnboardingPageStorage.swift in Sources */ = {isa = PBXBuildFile; fileRef = 8EAC78C32A54132A00C40D02 /* OnboardingPageStorage.swift */; };
		8EAC78E82A59A2BE00C40D02 /* SelectCategoryViewController.swift in Sources */ = {isa = PBXBuildFile; fileRef = 8EAC78E72A59A2BE00C40D02 /* SelectCategoryViewController.swift */; };
		8EAC78EA2A59E0AA00C40D02 /* CheckTableViewCell.swift in Sources */ = {isa = PBXBuildFile; fileRef = 8EAC78E92A59E0AA00C40D02 /* CheckTableViewCell.swift */; };
		8EAC78EC2A5AC1A200C40D02 /* CreateCategoryViewController.swift in Sources */ = {isa = PBXBuildFile; fileRef = 8EAC78EB2A5AC1A200C40D02 /* CreateCategoryViewController.swift */; };
		8ED0195E2A35D39100843865 /* DataModel.xcdatamodeld in Sources */ = {isa = PBXBuildFile; fileRef = 8ED0195C2A35D39100843865 /* DataModel.xcdatamodeld */; };
		8ED019612A35E7D500843865 /* TrackerStore.swift in Sources */ = {isa = PBXBuildFile; fileRef = 8ED019602A35E7D500843865 /* TrackerStore.swift */; };
		8ED019652A360E9F00843865 /* CategoryStore.swift in Sources */ = {isa = PBXBuildFile; fileRef = 8ED019642A360E9F00843865 /* CategoryStore.swift */; };
		8ED019672A36106F00843865 /* RecordStore.swift in Sources */ = {isa = PBXBuildFile; fileRef = 8ED019662A36106F00843865 /* RecordStore.swift */; };
/* End PBXBuildFile section */

/* Begin PBXFileReference section */
		8E27CDDD2A39C4DA0079D55C /* TestDataLoader.swift */ = {isa = PBXFileReference; lastKnownFileType = sourcecode.swift; path = TestDataLoader.swift; sourceTree = "<group>"; };
		8E27CDDF2A39D2CB0079D55C /* UIColorSerializer.swift */ = {isa = PBXFileReference; lastKnownFileType = sourcecode.swift; path = UIColorSerializer.swift; sourceTree = "<group>"; };
		8E27CDE12A39D38D0079D55C /* ScheduleSerializer.swift */ = {isa = PBXFileReference; lastKnownFileType = sourcecode.swift; path = ScheduleSerializer.swift; sourceTree = "<group>"; };
		8E27CDE32A404FD90079D55C /* PlaceholderView.swift */ = {isa = PBXFileReference; lastKnownFileType = sourcecode.swift; path = PlaceholderView.swift; sourceTree = "<group>"; };
		8E4FECF02A4ECCBE001B2FF5 /* OnboardingPageViewController.swift */ = {isa = PBXFileReference; lastKnownFileType = sourcecode.swift; path = OnboardingPageViewController.swift; sourceTree = "<group>"; };
		8E4FECF22A4ED174001B2FF5 /* OnboardingPageView.swift */ = {isa = PBXFileReference; lastKnownFileType = sourcecode.swift; path = OnboardingPageView.swift; sourceTree = "<group>"; };
		8E99736D29F56EE8007E8001 /* Tracker.app */ = {isa = PBXFileReference; explicitFileType = wrapper.application; includeInIndex = 0; path = Tracker.app; sourceTree = BUILT_PRODUCTS_DIR; };
		8E99737029F56EE8007E8001 /* AppDelegate.swift */ = {isa = PBXFileReference; lastKnownFileType = sourcecode.swift; path = AppDelegate.swift; sourceTree = "<group>"; };
		8E99737429F56EE8007E8001 /* TrackersViewController.swift */ = {isa = PBXFileReference; lastKnownFileType = sourcecode.swift; path = TrackersViewController.swift; sourceTree = "<group>"; };
		8E99737929F56EE9007E8001 /* Assets.xcassets */ = {isa = PBXFileReference; lastKnownFileType = folder.assetcatalog; path = Assets.xcassets; sourceTree = "<group>"; };
		8E99737C29F56EE9007E8001 /* Base */ = {isa = PBXFileReference; lastKnownFileType = file.storyboard; name = Base; path = Base.lproj/LaunchScreen.storyboard; sourceTree = "<group>"; };
		8E99737E29F56EE9007E8001 /* Info.plist */ = {isa = PBXFileReference; lastKnownFileType = text.plist.xml; path = Info.plist; sourceTree = "<group>"; };
		8E9973CE29FBD16C007E8001 /* UIColorExtension.swift */ = {isa = PBXFileReference; lastKnownFileType = sourcecode.swift; path = UIColorExtension.swift; sourceTree = "<group>"; };
		8E9973D029FBEBED007E8001 /* MainTabBarController.swift */ = {isa = PBXFileReference; lastKnownFileType = sourcecode.swift; path = MainTabBarController.swift; sourceTree = "<group>"; };
		8E9973D229FBFC26007E8001 /* StatisticsViewController.swift */ = {isa = PBXFileReference; lastKnownFileType = sourcecode.swift; path = StatisticsViewController.swift; sourceTree = "<group>"; };
		8E9973D429FCFAA7007E8001 /* AddTrackerViewController.swift */ = {isa = PBXFileReference; lastKnownFileType = sourcecode.swift; path = AddTrackerViewController.swift; sourceTree = "<group>"; };
		8E9973D629FD2998007E8001 /* TrackerCollectionViewCell.swift */ = {isa = PBXFileReference; lastKnownFileType = sourcecode.swift; path = TrackerCollectionViewCell.swift; sourceTree = "<group>"; };
		8E9973DA29FD6D07007E8001 /* CollectionWidthParameters.swift */ = {isa = PBXFileReference; lastKnownFileType = sourcecode.swift; path = CollectionWidthParameters.swift; sourceTree = "<group>"; };
		8E9973DE29FE7EA7007E8001 /* CollectionViewHeader.swift */ = {isa = PBXFileReference; lastKnownFileType = sourcecode.swift; path = CollectionViewHeader.swift; sourceTree = "<group>"; };
		8E9973E029FEAF94007E8001 /* CreateTrackerViewController.swift */ = {isa = PBXFileReference; lastKnownFileType = sourcecode.swift; path = CreateTrackerViewController.swift; sourceTree = "<group>"; };
		8E9973E229FFB1E7007E8001 /* SettingTableViewCell.swift */ = {isa = PBXFileReference; lastKnownFileType = sourcecode.swift; path = SettingTableViewCell.swift; sourceTree = "<group>"; };
		8E9973E429FFF337007E8001 /* CustomTextField.swift */ = {isa = PBXFileReference; lastKnownFileType = sourcecode.swift; path = CustomTextField.swift; sourceTree = "<group>"; };
		8E9973EB2A0038F5007E8001 /* ConfigureScheduleViewController.swift */ = {isa = PBXFileReference; lastKnownFileType = sourcecode.swift; path = ConfigureScheduleViewController.swift; sourceTree = "<group>"; };
		8E9973ED2A003E08007E8001 /* SwitchTableViewCell.swift */ = {isa = PBXFileReference; lastKnownFileType = sourcecode.swift; path = SwitchTableViewCell.swift; sourceTree = "<group>"; };
		8E9973F32A016196007E8001 /* SettingOptions.swift */ = {isa = PBXFileReference; lastKnownFileType = sourcecode.swift; path = SettingOptions.swift; sourceTree = "<group>"; };
		8E9973F52A016261007E8001 /* SwitchOptions.swift */ = {isa = PBXFileReference; lastKnownFileType = sourcecode.swift; path = SwitchOptions.swift; sourceTree = "<group>"; };
		8E9973F72A018798007E8001 /* TrackerModel.swift */ = {isa = PBXFileReference; lastKnownFileType = sourcecode.swift; path = TrackerModel.swift; sourceTree = "<group>"; };
		8E9973F92A0187F7007E8001 /* CategoryModel.swift */ = {isa = PBXFileReference; lastKnownFileType = sourcecode.swift; path = CategoryModel.swift; sourceTree = "<group>"; };
		8E9973FB2A018830007E8001 /* RecordModel.swift */ = {isa = PBXFileReference; lastKnownFileType = sourcecode.swift; path = RecordModel.swift; sourceTree = "<group>"; };
		8E9973FD2A03BEC5007E8001 /* WeekDay.swift */ = {isa = PBXFileReference; lastKnownFileType = sourcecode.swift; path = WeekDay.swift; sourceTree = "<group>"; };
		8E9973FF2A0C1B81007E8001 /* UIViewControllerExtension.swift */ = {isa = PBXFileReference; lastKnownFileType = sourcecode.swift; path = UIViewControllerExtension.swift; sourceTree = "<group>"; };
		8E9974012A125654007E8001 /* EmojiCollectionViewCell.swift */ = {isa = PBXFileReference; lastKnownFileType = sourcecode.swift; path = EmojiCollectionViewCell.swift; sourceTree = "<group>"; };
		8E9974032A13DCF2007E8001 /* ColorCollectionViewCell.swift */ = {isa = PBXFileReference; lastKnownFileType = sourcecode.swift; path = ColorCollectionViewCell.swift; sourceTree = "<group>"; };
		8EAC78C32A54132A00C40D02 /* OnboardingPageStorage.swift */ = {isa = PBXFileReference; lastKnownFileType = sourcecode.swift; path = OnboardingPageStorage.swift; sourceTree = "<group>"; };
		8EAC78E72A59A2BE00C40D02 /* SelectCategoryViewController.swift */ = {isa = PBXFileReference; lastKnownFileType = sourcecode.swift; path = SelectCategoryViewController.swift; sourceTree = "<group>"; };
		8EAC78E92A59E0AA00C40D02 /* CheckTableViewCell.swift */ = {isa = PBXFileReference; lastKnownFileType = sourcecode.swift; path = CheckTableViewCell.swift; sourceTree = "<group>"; };
		8EAC78EB2A5AC1A200C40D02 /* CreateCategoryViewController.swift */ = {isa = PBXFileReference; lastKnownFileType = sourcecode.swift; path = CreateCategoryViewController.swift; sourceTree = "<group>"; };
		8ED0195D2A35D39100843865 /* DataModel.xcdatamodel */ = {isa = PBXFileReference; lastKnownFileType = wrapper.xcdatamodel; path = DataModel.xcdatamodel; sourceTree = "<group>"; };
		8ED019602A35E7D500843865 /* TrackerStore.swift */ = {isa = PBXFileReference; lastKnownFileType = sourcecode.swift; path = TrackerStore.swift; sourceTree = "<group>"; };
		8ED019642A360E9F00843865 /* CategoryStore.swift */ = {isa = PBXFileReference; lastKnownFileType = sourcecode.swift; path = CategoryStore.swift; sourceTree = "<group>"; };
		8ED019662A36106F00843865 /* RecordStore.swift */ = {isa = PBXFileReference; lastKnownFileType = sourcecode.swift; path = RecordStore.swift; sourceTree = "<group>"; };
/* End PBXFileReference section */

/* Begin PBXFrameworksBuildPhase section */
		8E99736A29F56EE8007E8001 /* Frameworks */ = {
			isa = PBXFrameworksBuildPhase;
			buildActionMask = 2147483647;
			files = (
			);
			runOnlyForDeploymentPostprocessing = 0;
		};
/* End PBXFrameworksBuildPhase section */

/* Begin PBXGroup section */
		8E99736429F56EE8007E8001 = {
			isa = PBXGroup;
			children = (
				8E99736F29F56EE8007E8001 /* Tracker */,
				8E99736E29F56EE8007E8001 /* Products */,
			);
			sourceTree = "<group>";
		};
		8E99736E29F56EE8007E8001 /* Products */ = {
			isa = PBXGroup;
			children = (
				8E99736D29F56EE8007E8001 /* Tracker.app */,
			);
			name = Products;
			sourceTree = "<group>";
		};
		8E99736F29F56EE8007E8001 /* Tracker */ = {
			isa = PBXGroup;
			children = (
				8E9973CD29FBD008007E8001 /* Extensions */,
				8E9973E629FFF3AF007E8001 /* Models */,
				8ED0195F2A35E70A00843865 /* Stores */,
				8E9973D929FD6C42007E8001 /* Utilities */,
				8E9973CC29FBCA72007E8001 /* ViewControllers */,
				8E9973D829FD44E5007E8001 /* Views */,
				8E99737029F56EE8007E8001 /* AppDelegate.swift */,
				8E99737B29F56EE9007E8001 /* LaunchScreen.storyboard */,
				8ED0195C2A35D39100843865 /* DataModel.xcdatamodeld */,
				8E99737929F56EE9007E8001 /* Assets.xcassets */,
				8E99737E29F56EE9007E8001 /* Info.plist */,
			);
			path = Tracker;
			sourceTree = "<group>";
		};
		8E9973CC29FBCA72007E8001 /* ViewControllers */ = {
			isa = PBXGroup;
			children = (
				8E9973D429FCFAA7007E8001 /* AddTrackerViewController.swift */,
				8E9973EB2A0038F5007E8001 /* ConfigureScheduleViewController.swift */,
				8EAC78EB2A5AC1A200C40D02 /* CreateCategoryViewController.swift */,
				8E9973E029FEAF94007E8001 /* CreateTrackerViewController.swift */,
				8E9973D029FBEBED007E8001 /* MainTabBarController.swift */,
				8E4FECF02A4ECCBE001B2FF5 /* OnboardingPageViewController.swift */,
				8EAC78E72A59A2BE00C40D02 /* SelectCategoryViewController.swift */,
				8E9973D229FBFC26007E8001 /* StatisticsViewController.swift */,
				8E99737429F56EE8007E8001 /* TrackersViewController.swift */,
			);
			path = ViewControllers;
			sourceTree = "<group>";
		};
		8E9973CD29FBD008007E8001 /* Extensions */ = {
			isa = PBXGroup;
			children = (
				8E9973CE29FBD16C007E8001 /* UIColorExtension.swift */,
				8E9973FF2A0C1B81007E8001 /* UIViewControllerExtension.swift */,
			);
			path = Extensions;
			sourceTree = "<group>";
		};
		8E9973D829FD44E5007E8001 /* Views */ = {
			isa = PBXGroup;
			children = (
				8EAC78E92A59E0AA00C40D02 /* CheckTableViewCell.swift */,
				8E9973DE29FE7EA7007E8001 /* CollectionViewHeader.swift */,
				8E9974032A13DCF2007E8001 /* ColorCollectionViewCell.swift */,
				8E9973E429FFF337007E8001 /* CustomTextField.swift */,
				8E9974012A125654007E8001 /* EmojiCollectionViewCell.swift */,
				8E4FECF22A4ED174001B2FF5 /* OnboardingPageView.swift */,
				8E27CDE32A404FD90079D55C /* PlaceholderView.swift */,
				8E9973E229FFB1E7007E8001 /* SettingTableViewCell.swift */,
				8E9973ED2A003E08007E8001 /* SwitchTableViewCell.swift */,
				8E9973D629FD2998007E8001 /* TrackerCollectionViewCell.swift */,
			);
			path = Views;
			sourceTree = "<group>";
		};
		8E9973D929FD6C42007E8001 /* Utilities */ = {
			isa = PBXGroup;
			children = (
				8E9973DA29FD6D07007E8001 /* CollectionWidthParameters.swift */,
				8EAC78C32A54132A00C40D02 /* OnboardingPageStorage.swift */,
				8E27CDE12A39D38D0079D55C /* ScheduleSerializer.swift */,
				8E9973F32A016196007E8001 /* SettingOptions.swift */,
				8E9973F52A016261007E8001 /* SwitchOptions.swift */,
				8E27CDDD2A39C4DA0079D55C /* TestDataLoader.swift */,
				8E27CDDF2A39D2CB0079D55C /* UIColorSerializer.swift */,
				8E9973FD2A03BEC5007E8001 /* WeekDay.swift */,
			);
			path = Utilities;
			sourceTree = "<group>";
		};
		8E9973E629FFF3AF007E8001 /* Models */ = {
			isa = PBXGroup;
			children = (
				8E9973F92A0187F7007E8001 /* CategoryModel.swift */,
				8E9973FB2A018830007E8001 /* RecordModel.swift */,
				8E9973F72A018798007E8001 /* TrackerModel.swift */,
			);
			path = Models;
			sourceTree = "<group>";
		};
		8ED0195F2A35E70A00843865 /* Stores */ = {
			isa = PBXGroup;
			children = (
				8ED019642A360E9F00843865 /* CategoryStore.swift */,
				8ED019662A36106F00843865 /* RecordStore.swift */,
				8ED019602A35E7D500843865 /* TrackerStore.swift */,
			);
			path = Stores;
			sourceTree = "<group>";
		};
/* End PBXGroup section */

/* Begin PBXNativeTarget section */
		8E99736C29F56EE8007E8001 /* Tracker */ = {
			isa = PBXNativeTarget;
			buildConfigurationList = 8E99738129F56EE9007E8001 /* Build configuration list for PBXNativeTarget "Tracker" */;
			buildPhases = (
				8E99736929F56EE8007E8001 /* Sources */,
				8E99736A29F56EE8007E8001 /* Frameworks */,
				8E99736B29F56EE8007E8001 /* Resources */,
			);
			buildRules = (
			);
			dependencies = (
			);
			name = Tracker;
			productName = Tracker;
			productReference = 8E99736D29F56EE8007E8001 /* Tracker.app */;
			productType = "com.apple.product-type.application";
		};
/* End PBXNativeTarget section */

/* Begin PBXProject section */
		8E99736529F56EE8007E8001 /* Project object */ = {
			isa = PBXProject;
			attributes = {
				BuildIndependentTargetsInParallel = 1;
				LastSwiftUpdateCheck = 1420;
				LastUpgradeCheck = 1420;
				TargetAttributes = {
					8E99736C29F56EE8007E8001 = {
						CreatedOnToolsVersion = 14.2;
					};
				};
			};
			buildConfigurationList = 8E99736829F56EE8007E8001 /* Build configuration list for PBXProject "Tracker" */;
			compatibilityVersion = "Xcode 14.0";
			developmentRegion = en;
			hasScannedForEncodings = 0;
			knownRegions = (
				en,
				Base,
			);
			mainGroup = 8E99736429F56EE8007E8001;
			productRefGroup = 8E99736E29F56EE8007E8001 /* Products */;
			projectDirPath = "";
			projectRoot = "";
			targets = (
				8E99736C29F56EE8007E8001 /* Tracker */,
			);
		};
/* End PBXProject section */

/* Begin PBXResourcesBuildPhase section */
		8E99736B29F56EE8007E8001 /* Resources */ = {
			isa = PBXResourcesBuildPhase;
			buildActionMask = 2147483647;
			files = (
				8E99737D29F56EE9007E8001 /* LaunchScreen.storyboard in Resources */,
				8E99737A29F56EE9007E8001 /* Assets.xcassets in Resources */,
			);
			runOnlyForDeploymentPostprocessing = 0;
		};
/* End PBXResourcesBuildPhase section */

/* Begin PBXSourcesBuildPhase section */
		8E99736929F56EE8007E8001 /* Sources */ = {
			isa = PBXSourcesBuildPhase;
			buildActionMask = 2147483647;
			files = (
				8E9973E529FFF337007E8001 /* CustomTextField.swift in Sources */,
				8E99737529F56EE8007E8001 /* TrackersViewController.swift in Sources */,
				8EAC78E82A59A2BE00C40D02 /* SelectCategoryViewController.swift in Sources */,
				8E9973F82A018798007E8001 /* TrackerModel.swift in Sources */,
				8E9973DB29FD6D07007E8001 /* CollectionWidthParameters.swift in Sources */,
				8E9974042A13DCF2007E8001 /* ColorCollectionViewCell.swift in Sources */,
				8E9973F62A016261007E8001 /* SwitchOptions.swift in Sources */,
				8E9974002A0C1B81007E8001 /* UIViewControllerExtension.swift in Sources */,
				8E99737129F56EE8007E8001 /* AppDelegate.swift in Sources */,
				8E9973EE2A003E08007E8001 /* SwitchTableViewCell.swift in Sources */,
				8E27CDE22A39D38D0079D55C /* ScheduleSerializer.swift in Sources */,
				8E9973D329FBFC26007E8001 /* StatisticsViewController.swift in Sources */,
				8EAC78EA2A59E0AA00C40D02 /* CheckTableViewCell.swift in Sources */,
				8E9973E129FEAF94007E8001 /* CreateTrackerViewController.swift in Sources */,
				8E27CDDE2A39C4DA0079D55C /* TestDataLoader.swift in Sources */,
				8E27CDE42A404FD90079D55C /* PlaceholderView.swift in Sources */,
				8E9973F42A016196007E8001 /* SettingOptions.swift in Sources */,
				8E9973E329FFB1E7007E8001 /* SettingTableViewCell.swift in Sources */,
				8E9973D529FCFAA7007E8001 /* AddTrackerViewController.swift in Sources */,
				8E9973FE2A03BEC5007E8001 /* WeekDay.swift in Sources */,
				8E9973FA2A0187F7007E8001 /* CategoryModel.swift in Sources */,
				8E9973D729FD2998007E8001 /* TrackerCollectionViewCell.swift in Sources */,
				8E9973D129FBEBED007E8001 /* MainTabBarController.swift in Sources */,
				8E9974022A125654007E8001 /* EmojiCollectionViewCell.swift in Sources */,
				8ED019672A36106F00843865 /* RecordStore.swift in Sources */,
				8EAC78C42A54132A00C40D02 /* OnboardingPageStorage.swift in Sources */,
				8E9973FC2A018830007E8001 /* RecordModel.swift in Sources */,
				8ED0195E2A35D39100843865 /* DataModel.xcdatamodeld in Sources */,
				8EAC78EC2A5AC1A200C40D02 /* CreateCategoryViewController.swift in Sources */,
				8ED019652A360E9F00843865 /* CategoryStore.swift in Sources */,
				8E27CDE02A39D2CB0079D55C /* UIColorSerializer.swift in Sources */,
				8E4FECF32A4ED174001B2FF5 /* OnboardingPageView.swift in Sources */,
				8E4FECF12A4ECCBE001B2FF5 /* OnboardingPageViewController.swift in Sources */,
				8E9973DF29FE7EA7007E8001 /* CollectionViewHeader.swift in Sources */,
				8E9973EC2A0038F5007E8001 /* ConfigureScheduleViewController.swift in Sources */,
				8ED019612A35E7D500843865 /* TrackerStore.swift in Sources */,
				8E9973CF29FBD16C007E8001 /* UIColorExtension.swift in Sources */,
			);
			runOnlyForDeploymentPostprocessing = 0;
		};
/* End PBXSourcesBuildPhase section */

/* Begin PBXVariantGroup section */
		8E99737B29F56EE9007E8001 /* LaunchScreen.storyboard */ = {
			isa = PBXVariantGroup;
			children = (
				8E99737C29F56EE9007E8001 /* Base */,
			);
			name = LaunchScreen.storyboard;
			sourceTree = "<group>";
		};
/* End PBXVariantGroup section */

/* Begin XCBuildConfiguration section */
		8E99737F29F56EE9007E8001 /* Debug */ = {
			isa = XCBuildConfiguration;
			buildSettings = {
				ALWAYS_SEARCH_USER_PATHS = NO;
				CLANG_ANALYZER_NONNULL = YES;
				CLANG_ANALYZER_NUMBER_OBJECT_CONVERSION = YES_AGGRESSIVE;
				CLANG_CXX_LANGUAGE_STANDARD = "gnu++20";
				CLANG_ENABLE_MODULES = YES;
				CLANG_ENABLE_OBJC_ARC = YES;
				CLANG_ENABLE_OBJC_WEAK = YES;
				CLANG_WARN_BLOCK_CAPTURE_AUTORELEASING = YES;
				CLANG_WARN_BOOL_CONVERSION = YES;
				CLANG_WARN_COMMA = YES;
				CLANG_WARN_CONSTANT_CONVERSION = YES;
				CLANG_WARN_DEPRECATED_OBJC_IMPLEMENTATIONS = YES;
				CLANG_WARN_DIRECT_OBJC_ISA_USAGE = YES_ERROR;
				CLANG_WARN_DOCUMENTATION_COMMENTS = YES;
				CLANG_WARN_EMPTY_BODY = YES;
				CLANG_WARN_ENUM_CONVERSION = YES;
				CLANG_WARN_INFINITE_RECURSION = YES;
				CLANG_WARN_INT_CONVERSION = YES;
				CLANG_WARN_NON_LITERAL_NULL_CONVERSION = YES;
				CLANG_WARN_OBJC_IMPLICIT_RETAIN_SELF = YES;
				CLANG_WARN_OBJC_LITERAL_CONVERSION = YES;
				CLANG_WARN_OBJC_ROOT_CLASS = YES_ERROR;
				CLANG_WARN_QUOTED_INCLUDE_IN_FRAMEWORK_HEADER = YES;
				CLANG_WARN_RANGE_LOOP_ANALYSIS = YES;
				CLANG_WARN_STRICT_PROTOTYPES = YES;
				CLANG_WARN_SUSPICIOUS_MOVE = YES;
				CLANG_WARN_UNGUARDED_AVAILABILITY = YES_AGGRESSIVE;
				CLANG_WARN_UNREACHABLE_CODE = YES;
				CLANG_WARN__DUPLICATE_METHOD_MATCH = YES;
				COPY_PHASE_STRIP = NO;
				DEBUG_INFORMATION_FORMAT = dwarf;
				ENABLE_STRICT_OBJC_MSGSEND = YES;
				ENABLE_TESTABILITY = YES;
				GCC_C_LANGUAGE_STANDARD = gnu11;
				GCC_DYNAMIC_NO_PIC = NO;
				GCC_NO_COMMON_BLOCKS = YES;
				GCC_OPTIMIZATION_LEVEL = 0;
				GCC_PREPROCESSOR_DEFINITIONS = (
					"DEBUG=1",
					"$(inherited)",
				);
				GCC_WARN_64_TO_32_BIT_CONVERSION = YES;
				GCC_WARN_ABOUT_RETURN_TYPE = YES_ERROR;
				GCC_WARN_UNDECLARED_SELECTOR = YES;
				GCC_WARN_UNINITIALIZED_AUTOS = YES_AGGRESSIVE;
				GCC_WARN_UNUSED_FUNCTION = YES;
				GCC_WARN_UNUSED_VARIABLE = YES;
				IPHONEOS_DEPLOYMENT_TARGET = 16.2;
				MTL_ENABLE_DEBUG_INFO = INCLUDE_SOURCE;
				MTL_FAST_MATH = YES;
				ONLY_ACTIVE_ARCH = YES;
				SDKROOT = iphoneos;
				SWIFT_ACTIVE_COMPILATION_CONDITIONS = DEBUG;
				SWIFT_OPTIMIZATION_LEVEL = "-Onone";
			};
			name = Debug;
		};
		8E99738029F56EE9007E8001 /* Release */ = {
			isa = XCBuildConfiguration;
			buildSettings = {
				ALWAYS_SEARCH_USER_PATHS = NO;
				CLANG_ANALYZER_NONNULL = YES;
				CLANG_ANALYZER_NUMBER_OBJECT_CONVERSION = YES_AGGRESSIVE;
				CLANG_CXX_LANGUAGE_STANDARD = "gnu++20";
				CLANG_ENABLE_MODULES = YES;
				CLANG_ENABLE_OBJC_ARC = YES;
				CLANG_ENABLE_OBJC_WEAK = YES;
				CLANG_WARN_BLOCK_CAPTURE_AUTORELEASING = YES;
				CLANG_WARN_BOOL_CONVERSION = YES;
				CLANG_WARN_COMMA = YES;
				CLANG_WARN_CONSTANT_CONVERSION = YES;
				CLANG_WARN_DEPRECATED_OBJC_IMPLEMENTATIONS = YES;
				CLANG_WARN_DIRECT_OBJC_ISA_USAGE = YES_ERROR;
				CLANG_WARN_DOCUMENTATION_COMMENTS = YES;
				CLANG_WARN_EMPTY_BODY = YES;
				CLANG_WARN_ENUM_CONVERSION = YES;
				CLANG_WARN_INFINITE_RECURSION = YES;
				CLANG_WARN_INT_CONVERSION = YES;
				CLANG_WARN_NON_LITERAL_NULL_CONVERSION = YES;
				CLANG_WARN_OBJC_IMPLICIT_RETAIN_SELF = YES;
				CLANG_WARN_OBJC_LITERAL_CONVERSION = YES;
				CLANG_WARN_OBJC_ROOT_CLASS = YES_ERROR;
				CLANG_WARN_QUOTED_INCLUDE_IN_FRAMEWORK_HEADER = YES;
				CLANG_WARN_RANGE_LOOP_ANALYSIS = YES;
				CLANG_WARN_STRICT_PROTOTYPES = YES;
				CLANG_WARN_SUSPICIOUS_MOVE = YES;
				CLANG_WARN_UNGUARDED_AVAILABILITY = YES_AGGRESSIVE;
				CLANG_WARN_UNREACHABLE_CODE = YES;
				CLANG_WARN__DUPLICATE_METHOD_MATCH = YES;
				COPY_PHASE_STRIP = NO;
				DEBUG_INFORMATION_FORMAT = "dwarf-with-dsym";
				ENABLE_NS_ASSERTIONS = NO;
				ENABLE_STRICT_OBJC_MSGSEND = YES;
				GCC_C_LANGUAGE_STANDARD = gnu11;
				GCC_NO_COMMON_BLOCKS = YES;
				GCC_WARN_64_TO_32_BIT_CONVERSION = YES;
				GCC_WARN_ABOUT_RETURN_TYPE = YES_ERROR;
				GCC_WARN_UNDECLARED_SELECTOR = YES;
				GCC_WARN_UNINITIALIZED_AUTOS = YES_AGGRESSIVE;
				GCC_WARN_UNUSED_FUNCTION = YES;
				GCC_WARN_UNUSED_VARIABLE = YES;
				IPHONEOS_DEPLOYMENT_TARGET = 16.2;
				MTL_ENABLE_DEBUG_INFO = NO;
				MTL_FAST_MATH = YES;
				SDKROOT = iphoneos;
				SWIFT_COMPILATION_MODE = wholemodule;
				SWIFT_OPTIMIZATION_LEVEL = "-O";
				VALIDATE_PRODUCT = YES;
			};
			name = Release;
		};
		8E99738229F56EE9007E8001 /* Debug */ = {
			isa = XCBuildConfiguration;
			buildSettings = {
				ASSETCATALOG_COMPILER_APPICON_NAME = AppIcon;
				ASSETCATALOG_COMPILER_GLOBAL_ACCENT_COLOR_NAME = AccentColor;
				CODE_SIGN_STYLE = Automatic;
				CURRENT_PROJECT_VERSION = 1;
				DEVELOPMENT_TEAM = UJ4WP3UBQT;
				GENERATE_INFOPLIST_FILE = YES;
				INFOPLIST_FILE = Tracker/Info.plist;
				INFOPLIST_KEY_UIApplicationSupportsIndirectInputEvents = YES;
				INFOPLIST_KEY_UILaunchStoryboardName = LaunchScreen;
				INFOPLIST_KEY_UISupportedInterfaceOrientations = UIInterfaceOrientationPortrait;
				IPHONEOS_DEPLOYMENT_TARGET = 13.4;
				LD_RUNPATH_SEARCH_PATHS = (
					"$(inherited)",
					"@executable_path/Frameworks",
				);
				MARKETING_VERSION = 1.0;
				PRODUCT_BUNDLE_IDENTIFIER = ru.aai95.Tracker;
				PRODUCT_NAME = "$(TARGET_NAME)";
				SUPPORTED_PLATFORMS = "iphoneos iphonesimulator";
				SUPPORTS_MACCATALYST = NO;
				SUPPORTS_MAC_DESIGNED_FOR_IPHONE_IPAD = NO;
				SWIFT_EMIT_LOC_STRINGS = YES;
				SWIFT_VERSION = 5.0;
				TARGETED_DEVICE_FAMILY = 1;
			};
			name = Debug;
		};
		8E99738329F56EE9007E8001 /* Release */ = {
			isa = XCBuildConfiguration;
			buildSettings = {
				ASSETCATALOG_COMPILER_APPICON_NAME = AppIcon;
				ASSETCATALOG_COMPILER_GLOBAL_ACCENT_COLOR_NAME = AccentColor;
				CODE_SIGN_STYLE = Automatic;
				CURRENT_PROJECT_VERSION = 1;
				DEVELOPMENT_TEAM = UJ4WP3UBQT;
				GENERATE_INFOPLIST_FILE = YES;
				INFOPLIST_FILE = Tracker/Info.plist;
				INFOPLIST_KEY_UIApplicationSupportsIndirectInputEvents = YES;
				INFOPLIST_KEY_UILaunchStoryboardName = LaunchScreen;
				INFOPLIST_KEY_UISupportedInterfaceOrientations = UIInterfaceOrientationPortrait;
				IPHONEOS_DEPLOYMENT_TARGET = 13.4;
				LD_RUNPATH_SEARCH_PATHS = (
					"$(inherited)",
					"@executable_path/Frameworks",
				);
				MARKETING_VERSION = 1.0;
				PRODUCT_BUNDLE_IDENTIFIER = ru.aai95.Tracker;
				PRODUCT_NAME = "$(TARGET_NAME)";
				SUPPORTED_PLATFORMS = "iphoneos iphonesimulator";
				SUPPORTS_MACCATALYST = NO;
				SUPPORTS_MAC_DESIGNED_FOR_IPHONE_IPAD = NO;
				SWIFT_EMIT_LOC_STRINGS = YES;
				SWIFT_VERSION = 5.0;
				TARGETED_DEVICE_FAMILY = 1;
			};
			name = Release;
		};
/* End XCBuildConfiguration section */

/* Begin XCConfigurationList section */
		8E99736829F56EE8007E8001 /* Build configuration list for PBXProject "Tracker" */ = {
			isa = XCConfigurationList;
			buildConfigurations = (
				8E99737F29F56EE9007E8001 /* Debug */,
				8E99738029F56EE9007E8001 /* Release */,
			);
			defaultConfigurationIsVisible = 0;
			defaultConfigurationName = Release;
		};
		8E99738129F56EE9007E8001 /* Build configuration list for PBXNativeTarget "Tracker" */ = {
			isa = XCConfigurationList;
			buildConfigurations = (
				8E99738229F56EE9007E8001 /* Debug */,
				8E99738329F56EE9007E8001 /* Release */,
			);
			defaultConfigurationIsVisible = 0;
			defaultConfigurationName = Release;
		};
/* End XCConfigurationList section */

/* Begin XCVersionGroup section */
		8ED0195C2A35D39100843865 /* DataModel.xcdatamodeld */ = {
			isa = XCVersionGroup;
			children = (
				8ED0195D2A35D39100843865 /* DataModel.xcdatamodel */,
			);
			currentVersion = 8ED0195D2A35D39100843865 /* DataModel.xcdatamodel */;
			path = DataModel.xcdatamodeld;
			sourceTree = "<group>";
			versionGroupType = wrapper.xcdatamodel;
		};
/* End XCVersionGroup section */
	};
	rootObject = 8E99736529F56EE8007E8001 /* Project object */;
}
